
Microsoft Visual Studio Solution File, Format Version 12.00
# Visual Studio Version 17
VisualStudioVersion = 17.0.31903.59
MinimumVisualStudioVersion = 10.0.40219.1
Project("{2150E333-8FDC-42A3-9474-1A3956D46DE8}") = "src", "src", "{1491CB71-EACE-4E9C-9229-0DE47153AF15}"
EndProject
Project("{FAE04EC0-301F-11D3-BF4B-00C04F79EFBC}") = "Inbox2Project", "src\Inbox2Project\Inbox2Project.csproj", "{48FF998E-AB64-4D3A-A0BB-6B4372748288}"
EndProject
Project("{FAE04EC0-301F-11D3-BF4B-00C04F79EFBC}") = "Inbox2Project.DevHarness", "src\Inbox2Project.DevHarness\Inbox2Project.DevHarness.csproj", "{A1193D9B-8D66-4888-80AC-1B78D03FD757}"
EndProject
Project("{FAE04EC0-301F-11D3-BF4B-00C04F79EFBC}") = "Inbox2Project.OutlookBridge", "src\Inbox2Project.OutlookBridge\Inbox2Project.OutlookBridge.csproj", "{786F8659-6BB4-4578-B8C0-42A03D704F43}"
EndProject
Project("{FAE04EC0-301F-11D3-BF4B-00C04F79EFBC}") = "Inbox2Project.OutlookAddIn", "src\Inbox2Project.OutlookAddIn\Inbox2Project.OutlookAddIn.csproj", "{B42A1C28-BC69-4C6B-9BE4-D1A1B0497E1B}"
EndProject
Global
	GlobalSection(SolutionConfigurationPlatforms) = preSolution
		Debug|Any CPU = Debug|Any CPU
		Release|Any CPU = Release|Any CPU
	EndGlobalSection
	GlobalSection(SolutionProperties) = preSolution
		HideSolutionNode = FALSE
	EndGlobalSection
	GlobalSection(ProjectConfigurationPlatforms) = postSolution
		{48FF998E-AB64-4D3A-A0BB-6B4372748288}.Debug|Any CPU.ActiveCfg = Debug|Any CPU
		{48FF998E-AB64-4D3A-A0BB-6B4372748288}.Debug|Any CPU.Build.0 = Debug|Any CPU
		{48FF998E-AB64-4D3A-A0BB-6B4372748288}.Release|Any CPU.ActiveCfg = Release|Any CPU
		{48FF998E-AB64-4D3A-A0BB-6B4372748288}.Release|Any CPU.Build.0 = Release|Any CPU
		{A1193D9B-8D66-4888-80AC-1B78D03FD757}.Debug|Any CPU.ActiveCfg = Debug|Any CPU
		{A1193D9B-8D66-4888-80AC-1B78D03FD757}.Debug|Any CPU.Build.0 = Debug|Any CPU
		{A1193D9B-8D66-4888-80AC-1B78D03FD757}.Release|Any CPU.ActiveCfg = Release|Any CPU
		{A1193D9B-8D66-4888-80AC-1B78D03FD757}.Release|Any CPU.Build.0 = Release|Any CPU
		{786F8659-6BB4-4578-B8C0-42A03D704F43}.Debug|Any CPU.ActiveCfg = Debug|Any CPU
		{786F8659-6BB4-4578-B8C0-42A03D704F43}.Debug|Any CPU.Build.0 = Debug|Any CPU
		{786F8659-6BB4-4578-B8C0-42A03D704F43}.Release|Any CPU.ActiveCfg = Release|Any CPU
		{786F8659-6BB4-4578-B8C0-42A03D704F43}.Release|Any CPU.Build.0 = Release|Any CPU
		{B42A1C28-BC69-4C6B-9BE4-D1A1B0497E1B}.Debug|Any CPU.ActiveCfg = Debug|Any CPU
		{B42A1C28-BC69-4C6B-9BE4-D1A1B0497E1B}.Debug|Any CPU.Build.0 = Debug|Any CPU
		{B42A1C28-BC69-4C6B-9BE4-D1A1B0497E1B}.Release|Any CPU.ActiveCfg = Release|Any CPU
		{B42A1C28-BC69-4C6B-9BE4-D1A1B0497E1B}.Release|Any CPU.Build.0 = Release|Any CPU
	EndGlobalSection
	GlobalSection(NestedProjects) = preSolution
		{48FF998E-AB64-4D3A-A0BB-6B4372748288} = {1491CB71-EACE-4E9C-9229-0DE47153AF15}
		{A1193D9B-8D66-4888-80AC-1B78D03FD757} = {1491CB71-EACE-4E9C-9229-0DE47153AF15}
		{786F8659-6BB4-4578-B8C0-42A03D704F43} = {1491CB71-EACE-4E9C-9229-0DE47153AF15}
		{B42A1C28-BC69-4C6B-9BE4-D1A1B0497E1B} = {1491CB71-EACE-4E9C-9229-0DE47153AF15}
	EndGlobalSection
EndGlobal
